// !$*UTF8*$!
{
	archiveVersion = 1;
	classes = {
	};
	objectVersion = 46;
	objects = {

/* Begin PBXBuildFile section */
		1A2EAAB21A4B0575000F1726 /* main.m in Sources */ = {isa = PBXBuildFile; fileRef = 1A2EAAB11A4B0575000F1726 /* main.m */; };
		1A2EAAB51A4B0575000F1726 /* AppDelegate.m in Sources */ = {isa = PBXBuildFile; fileRef = 1A2EAAB41A4B0575000F1726 /* AppDelegate.m */; };
		1A2EAAB81A4B0575000F1726 /* ViewController.m in Sources */ = {isa = PBXBuildFile; fileRef = 1A2EAAB71A4B0575000F1726 /* ViewController.m */; };
		1A2EAABB1A4B0575000F1726 /* Main.storyboard in Resources */ = {isa = PBXBuildFile; fileRef = 1A2EAAB91A4B0575000F1726 /* Main.storyboard */; };
		1A2EAABD1A4B0575000F1726 /* Images.xcassets in Resources */ = {isa = PBXBuildFile; fileRef = 1A2EAABC1A4B0575000F1726 /* Images.xcassets */; };
		1A2EAAC01A4B0575000F1726 /* LaunchScreen.xib in Resources */ = {isa = PBXBuildFile; fileRef = 1A2EAABE1A4B0575000F1726 /* LaunchScreen.xib */; };
		1A2EAACC1A4B0575000F1726 /* demoTests.m in Sources */ = {isa = PBXBuildFile; fileRef = 1A2EAACB1A4B0575000F1726 /* demoTests.m */; };
		1A2EAB091A4B0699000F1726 /* crash.m in Sources */ = {isa = PBXBuildFile; fileRef = 1A2EAB081A4B0699000F1726 /* crash.m */; };
/* End PBXBuildFile section */

/* Begin PBXContainerItemProxy section */
		1A2EAAC61A4B0575000F1726 /* PBXContainerItemProxy */ = {
			isa = PBXContainerItemProxy;
			containerPortal = 1A2EAAA41A4B0575000F1726 /* Project object */;
			proxyType = 1;
			remoteGlobalIDString = 1A2EAAAB1A4B0575000F1726;
			remoteInfo = demo;
		};
/* End PBXContainerItemProxy section */

/* Begin PBXFileReference section */
		1A2EAAAC1A4B0575000F1726 /* demo.app */ = {isa = PBXFileReference; explicitFileType = wrapper.application; includeInIndex = 0; path = demo.app; sourceTree = BUILT_PRODUCTS_DIR; };
		1A2EAAB01A4B0575000F1726 /* Info.plist */ = {isa = PBXFileReference; lastKnownFileType = text.plist.xml; path = Info.plist; sourceTree = "<group>"; };
		1A2EAAB11A4B0575000F1726 /* main.m */ = {isa = PBXFileReference; lastKnownFileType = sourcecode.c.objc; path = main.m; sourceTree = "<group>"; };
		1A2EAAB31A4B0575000F1726 /* AppDelegate.h */ = {isa = PBXFileReference; lastKnownFileType = sourcecode.c.h; path = AppDelegate.h; sourceTree = "<group>"; };
		1A2EAAB41A4B0575000F1726 /* AppDelegate.m */ = {isa = PBXFileReference; lastKnownFileType = sourcecode.c.objc; path = AppDelegate.m; sourceTree = "<group>"; };
		1A2EAAB61A4B0575000F1726 /* ViewController.h */ = {isa = PBXFileReference; lastKnownFileType = sourcecode.c.h; path = ViewController.h; sourceTree = "<group>"; };
		1A2EAAB71A4B0575000F1726 /* ViewController.m */ = {isa = PBXFileReference; lastKnownFileType = sourcecode.c.objc; path = ViewController.m; sourceTree = "<group>"; };
		1A2EAABA1A4B0575000F1726 /* Base */ = {isa = PBXFileReference; lastKnownFileType = file.storyboard; name = Base; path = Base.lproj/Main.storyboard; sourceTree = "<group>"; };
		1A2EAABC1A4B0575000F1726 /* Images.xcassets */ = {isa = PBXFileReference; lastKnownFileType = folder.assetcatalog; path = Images.xcassets; sourceTree = "<group>"; };
		1A2EAABF1A4B0575000F1726 /* Base */ = {isa = PBXFileReference; lastKnownFileType = file.xib; name = Base; path = Base.lproj/LaunchScreen.xib; sourceTree = "<group>"; };
		1A2EAAC51A4B0575000F1726 /* demoTests.xctest */ = {isa = PBXFileReference; explicitFileType = wrapper.cfbundle; includeInIndex = 0; path = demoTests.xctest; sourceTree = BUILT_PRODUCTS_DIR; };
		1A2EAACA1A4B0575000F1726 /* Info.plist */ = {isa = PBXFileReference; lastKnownFileType = text.plist.xml; path = Info.plist; sourceTree = "<group>"; };
		1A2EAACB1A4B0575000F1726 /* demoTests.m */ = {isa = PBXFileReference; lastKnownFileType = sourcecode.c.objc; path = demoTests.m; sourceTree = "<group>"; };
		1A2EAB071A4B0699000F1726 /* crash.h */ = {isa = PBXFileReference; fileEncoding = 4; lastKnownFileType = sourcecode.c.h; path = crash.h; sourceTree = "<group>"; };
		1A2EAB081A4B0699000F1726 /* crash.m */ = {isa = PBXFileReference; fileEncoding = 4; lastKnownFileType = sourcecode.c.objc; path = crash.m; sourceTree = "<group>"; };
/* End PBXFileReference section */

/* Begin PBXFrameworksBuildPhase section */
		1A2EAAA91A4B0575000F1726 /* Frameworks */ = {
			isa = PBXFrameworksBuildPhase;
			buildActionMask = 2147483647;
			files = (
			);
			runOnlyForDeploymentPostprocessing = 0;
		};
		1A2EAAC21A4B0575000F1726 /* Frameworks */ = {
			isa = PBXFrameworksBuildPhase;
			buildActionMask = 2147483647;
			files = (
			);
			runOnlyForDeploymentPostprocessing = 0;
		};
/* End PBXFrameworksBuildPhase section */

/* Begin PBXGroup section */
		1A2EAAA31A4B0575000F1726 = {
			isa = PBXGroup;
			children = (
				1A2EAAAE1A4B0575000F1726 /* demo */,
				1A2EAAC81A4B0575000F1726 /* demoTests */,
				1A2EAAAD1A4B0575000F1726 /* Products */,
			);
			sourceTree = "<group>";
		};
		1A2EAAAD1A4B0575000F1726 /* Products */ = {
			isa = PBXGroup;
			children = (
				1A2EAAAC1A4B0575000F1726 /* demo.app */,
				1A2EAAC51A4B0575000F1726 /* demoTests.xctest */,
			);
			name = Products;
			sourceTree = "<group>";
		};
		1A2EAAAE1A4B0575000F1726 /* demo */ = {
			isa = PBXGroup;
			children = (
				1A2EAAB31A4B0575000F1726 /* AppDelegate.h */,
				1A2EAAB41A4B0575000F1726 /* AppDelegate.m */,
				1A2EAAB61A4B0575000F1726 /* ViewController.h */,
				1A2EAAB71A4B0575000F1726 /* ViewController.m */,
				1A2EAB071A4B0699000F1726 /* crash.h */,
				1A2EAB081A4B0699000F1726 /* crash.m */,
				1A2EAAB91A4B0575000F1726 /* Main.storyboard */,
				1A2EAABC1A4B0575000F1726 /* Images.xcassets */,
				1A2EAABE1A4B0575000F1726 /* LaunchScreen.xib */,
				1A2EAAAF1A4B0575000F1726 /* Supporting Files */,
			);
			path = demo;
			sourceTree = "<group>";
		};
		1A2EAAAF1A4B0575000F1726 /* Supporting Files */ = {
			isa = PBXGroup;
			children = (
				1A2EAAB01A4B0575000F1726 /* Info.plist */,
				1A2EAAB11A4B0575000F1726 /* main.m */,
			);
			name = "Supporting Files";
			sourceTree = "<group>";
		};
		1A2EAAC81A4B0575000F1726 /* demoTests */ = {
			isa = PBXGroup;
			children = (
				1A2EAACB1A4B0575000F1726 /* demoTests.m */,
				1A2EAAC91A4B0575000F1726 /* Supporting Files */,
			);
			path = demoTests;
			sourceTree = "<group>";
		};
		1A2EAAC91A4B0575000F1726 /* Supporting Files */ = {
			isa = PBXGroup;
			children = (
				1A2EAACA1A4B0575000F1726 /* Info.plist */,
			);
			name = "Supporting Files";
			sourceTree = "<group>";
		};
/* End PBXGroup section */

/* Begin PBXNativeTarget section */
		1A2EAAAB1A4B0575000F1726 /* demo */ = {
			isa = PBXNativeTarget;
			buildConfigurationList = 1A2EAACF1A4B0575000F1726 /* Build configuration list for PBXNativeTarget "demo" */;
			buildPhases = (
				1A2EAAA81A4B0575000F1726 /* Sources */,
				1A2EAAA91A4B0575000F1726 /* Frameworks */,
				1A2EAAAA1A4B0575000F1726 /* Resources */,
			);
			buildRules = (
			);
			dependencies = (
			);
			name = demo;
			productName = demo;
			productReference = 1A2EAAAC1A4B0575000F1726 /* demo.app */;
			productType = "com.apple.product-type.application";
		};
		1A2EAAC41A4B0575000F1726 /* demoTests */ = {
			isa = PBXNativeTarget;
			buildConfigurationList = 1A2EAAD21A4B0575000F1726 /* Build configuration list for PBXNativeTarget "demoTests" */;
			buildPhases = (
				1A2EAAC11A4B0575000F1726 /* Sources */,
				1A2EAAC21A4B0575000F1726 /* Frameworks */,
				1A2EAAC31A4B0575000F1726 /* Resources */,
			);
			buildRules = (
			);
			dependencies = (
				1A2EAAC71A4B0575000F1726 /* PBXTargetDependency */,
			);
			name = demoTests;
			productName = demoTests;
			productReference = 1A2EAAC51A4B0575000F1726 /* demoTests.xctest */;
			productType = "com.apple.product-type.bundle.unit-test";
		};
/* End PBXNativeTarget section */

/* Begin PBXProject section */
		1A2EAAA41A4B0575000F1726 /* Project object */ = {
			isa = PBXProject;
			attributes = {
				LastUpgradeCheck = 0610;
				ORGANIZATIONNAME = zy;
				TargetAttributes = {
					1A2EAAAB1A4B0575000F1726 = {
						CreatedOnToolsVersion = 6.1.1;
						DevelopmentTeam = 5LCCK392WL;
					};
					1A2EAAC41A4B0575000F1726 = {
						CreatedOnToolsVersion = 6.1.1;
						TestTargetID = 1A2EAAAB1A4B0575000F1726;
					};
				};
			};
			buildConfigurationList = 1A2EAAA71A4B0575000F1726 /* Build configuration list for PBXProject "demo" */;
			compatibilityVersion = "Xcode 3.2";
			developmentRegion = English;
			hasScannedForEncodings = 0;
			knownRegions = (
				en,
				Base,
			);
			mainGroup = 1A2EAAA31A4B0575000F1726;
			productRefGroup = 1A2EAAAD1A4B0575000F1726 /* Products */;
			projectDirPath = "";
			projectRoot = "";
			targets = (
				1A2EAAAB1A4B0575000F1726 /* demo */,
				1A2EAAC41A4B0575000F1726 /* demoTests */,
			);
		};
/* End PBXProject section */

/* Begin PBXResourcesBuildPhase section */
		1A2EAAAA1A4B0575000F1726 /* Resources */ = {
			isa = PBXResourcesBuildPhase;
			buildActionMask = 2147483647;
			files = (
				1A2EAABB1A4B0575000F1726 /* Main.storyboard in Resources */,
				1A2EAAC01A4B0575000F1726 /* LaunchScreen.xib in Resources */,
				1A2EAABD1A4B0575000F1726 /* Images.xcassets in Resources */,
			);
			runOnlyForDeploymentPostprocessing = 0;
		};
		1A2EAAC31A4B0575000F1726 /* Resources */ = {
			isa = PBXResourcesBuildPhase;
			buildActionMask = 2147483647;
			files = (
			);
			runOnlyForDeploymentPostprocessing = 0;
		};
/* End PBXResourcesBuildPhase section */

/* Begin PBXSourcesBuildPhase section */
		1A2EAAA81A4B0575000F1726 /* Sources */ = {
			isa = PBXSourcesBuildPhase;
			buildActionMask = 2147483647;
			files = (
				1A2EAAB81A4B0575000F1726 /* ViewController.m in Sources */,
				1A2EAAB51A4B0575000F1726 /* AppDelegate.m in Sources */,
				1A2EAAB21A4B0575000F1726 /* main.m in Sources */,
				1A2EAB091A4B0699000F1726 /* crash.m in Sources */,
			);
			runOnlyForDeploymentPostprocessing = 0;
		};
		1A2EAAC11A4B0575000F1726 /* Sources */ = {
			isa = PBXSourcesBuildPhase;
			buildActionMask = 2147483647;
			files = (
				1A2EAACC1A4B0575000F1726 /* demoTests.m in Sources */,
			);
			runOnlyForDeploymentPostprocessing = 0;
		};
/* End PBXSourcesBuildPhase section */

/* Begin PBXTargetDependency section */
		1A2EAAC71A4B0575000F1726 /* PBXTargetDependency */ = {
			isa = PBXTargetDependency;
			target = 1A2EAAAB1A4B0575000F1726 /* demo */;
			targetProxy = 1A2EAAC61A4B0575000F1726 /* PBXContainerItemProxy */;
		};
/* End PBXTargetDependency section */

/* Begin PBXVariantGroup section */
		1A2EAAB91A4B0575000F1726 /* Main.storyboard */ = {
			isa = PBXVariantGroup;
			children = (
				1A2EAABA1A4B0575000F1726 /* Base */,
			);
			name = Main.storyboard;
			sourceTree = "<group>";
		};
		1A2EAABE1A4B0575000F1726 /* LaunchScreen.xib */ = {
			isa = PBXVariantGroup;
			children = (
				1A2EAABF1A4B0575000F1726 /* Base */,
			);
			name = LaunchScreen.xib;
			sourceTree = "<group>";
		};
/* End PBXVariantGroup section */

/* Begin XCBuildConfiguration section */
		1A2EAACD1A4B0575000F1726 /* Debug */ = {
			isa = XCBuildConfiguration;
			buildSettings = {
				ALWAYS_SEARCH_USER_PATHS = NO;
				CLANG_CXX_LANGUAGE_STANDARD = "gnu++0x";
				CLANG_CXX_LIBRARY = "libc++";
				CLANG_ENABLE_MODULES = YES;
				CLANG_ENABLE_OBJC_ARC = YES;
				CLANG_WARN_BOOL_CONVERSION = YES;
				CLANG_WARN_CONSTANT_CONVERSION = YES;
				CLANG_WARN_DIRECT_OBJC_ISA_USAGE = YES_ERROR;
				CLANG_WARN_EMPTY_BODY = YES;
				CLANG_WARN_ENUM_CONVERSION = YES;
				CLANG_WARN_INT_CONVERSION = YES;
				CLANG_WARN_OBJC_ROOT_CLASS = YES_ERROR;
				CLANG_WARN_UNREACHABLE_CODE = YES;
				CLANG_WARN__DUPLICATE_METHOD_MATCH = YES;
				"CODE_SIGN_IDENTITY[sdk=iphoneos*]" = "iPhone Developer";
				COPY_PHASE_STRIP = NO;
				ENABLE_STRICT_OBJC_MSGSEND = YES;
				GCC_C_LANGUAGE_STANDARD = gnu99;
				GCC_DYNAMIC_NO_PIC = NO;
				GCC_OPTIMIZATION_LEVEL = 0;
				GCC_PREPROCESSOR_DEFINITIONS = (
					"DEBUG=1",
					"$(inherited)",
				);
				GCC_SYMBOLS_PRIVATE_EXTERN = NO;
				GCC_WARN_64_TO_32_BIT_CONVERSION = YES;
				GCC_WARN_ABOUT_RETURN_TYPE = YES_ERROR;
				GCC_WARN_UNDECLARED_SELECTOR = YES;
				GCC_WARN_UNINITIALIZED_AUTOS = YES_AGGRESSIVE;
				GCC_WARN_UNUSED_FUNCTION = YES;
				GCC_WARN_UNUSED_VARIABLE = YES;
				IPHONEOS_DEPLOYMENT_TARGET = 8.1;
				MTL_ENABLE_DEBUG_INFO = YES;
				ONLY_ACTIVE_ARCH = YES;
				SDKROOT = iphoneos;
				TARGETED_DEVICE_FAMILY = "1,2";
			};
			name = Debug;
		};
		1A2EAACE1A4B0575000F1726 /* Release */ = {
			isa = XCBuildConfiguration;
			buildSettings = {
				ALWAYS_SEARCH_USER_PATHS = NO;
				CLANG_CXX_LANGUAGE_STANDARD = "gnu++0x";
				CLANG_CXX_LIBRARY = "libc++";
				CLANG_ENABLE_MODULES = YES;
				CLANG_ENABLE_OBJC_ARC = YES;
				CLANG_WARN_BOOL_CONVERSION = YES;
				CLANG_WARN_CONSTANT_CONVERSION = YES;
				CLANG_WARN_DIRECT_OBJC_ISA_USAGE = YES_ERROR;
				CLANG_WARN_EMPTY_BODY = YES;
				CLANG_WARN_ENUM_CONVERSION = YES;
				CLANG_WARN_INT_CONVERSION = YES;
				CLANG_WARN_OBJC_ROOT_CLASS = YES_ERROR;
				CLANG_WARN_UNREACHABLE_CODE = YES;
				CLANG_WARN__DUPLICATE_METHOD_MATCH = YES;
				"CODE_SIGN_IDENTITY[sdk=iphoneos*]" = "iPhone Developer";
				COPY_PHASE_STRIP = YES;
				ENABLE_NS_ASSERTIONS = NO;
				ENABLE_STRICT_OBJC_MSGSEND = YES;
				GCC_C_LANGUAGE_STANDARD = gnu99;
				GCC_WARN_64_TO_32_BIT_CONVERSION = YES;
				GCC_WARN_ABOUT_RETURN_TYPE = YES_ERROR;
				GCC_WARN_UNDECLARED_SELECTOR = YES;
				GCC_WARN_UNINITIALIZED_AUTOS = YES_AGGRESSIVE;
				GCC_WARN_UNUSED_FUNCTION = YES;
				GCC_WARN_UNUSED_VARIABLE = YES;
				IPHONEOS_DEPLOYMENT_TARGET = 8.1;
				MTL_ENABLE_DEBUG_INFO = NO;
				SDKROOT = iphoneos;
				TARGETED_DEVICE_FAMILY = "1,2";
				VALIDATE_PRODUCT = YES;
			};
			name = Release;
		};
		1A2EAAD01A4B0575000F1726 /* Debug */ = {
			isa = XCBuildConfiguration;
			buildSettings = {
				ASSETCATALOG_COMPILER_APPICON_NAME = AppIcon;
				INFOPLIST_FILE = demo/Info.plist;
				IPHONEOS_DEPLOYMENT_TARGET = 7.1;
				LD_RUNPATH_SEARCH_PATHS = "$(inherited) @executable_path/Frameworks";
				PRODUCT_NAME = "$(TARGET_NAME)";
			};
			name = Debug;
		};
		1A2EAAD11A4B0575000F1726 /* Release */ = {
			isa = XCBuildConfiguration;
			buildSettings = {
				ASSETCATALOG_COMPILER_APPICON_NAME = AppIcon;
				INFOPLIST_FILE = demo/Info.plist;
				IPHONEOS_DEPLOYMENT_TARGET = 7.1;
				LD_RUNPATH_SEARCH_PATHS = "$(inherited) @executable_path/Frameworks";
				PRODUCT_NAME = "$(TARGET_NAME)";
			};
			name = Release;
		};
		1A2EAAD31A4B0575000F1726 /* Debug */ = {
			isa = XCBuildConfiguration;
			buildSettings = {
				BUNDLE_LOADER = "$(TEST_HOST)";
				FRAMEWORK_SEARCH_PATHS = (
					"$(SDKROOT)/Developer/Library/Frameworks",
					"$(inherited)",
				);
				GCC_PREPROCESSOR_DEFINITIONS = (
					"DEBUG=1",
					"$(inherited)",
				);
				INFOPLIST_FILE = demoTests/Info.plist;
				LD_RUNPATH_SEARCH_PATHS = "$(inherited) @executable_path/Frameworks @loader_path/Frameworks";
				PRODUCT_NAME = "$(TARGET_NAME)";
				TEST_HOST = "$(BUILT_PRODUCTS_DIR)/demo.app/demo";
			};
			name = Debug;
		};
		1A2EAAD41A4B0575000F1726 /* Release */ = {
			isa = XCBuildConfiguration;
			buildSettings = {
				BUNDLE_LOADER = "$(TEST_HOST)";
				FRAMEWORK_SEARCH_PATHS = (
					"$(SDKROOT)/Developer/Library/Frameworks",
					"$(inherited)",
				);
				INFOPLIST_FILE = demoTests/Info.plist;
				LD_RUNPATH_SEARCH_PATHS = "$(inherited) @executable_path/Frameworks @loader_path/Frameworks";
				PRODUCT_NAME = "$(TARGET_NAME)";
				TEST_HOST = "$(BUILT_PRODUCTS_DIR)/demo.app/demo";
			};
			name = Release;
		};
/* End XCBuildConfiguration section */

/* Begin XCConfigurationList section */
		1A2EAAA71A4B0575000F1726 /* Build configuration list for PBXProject "demo" */ = {
			isa = XCConfigurationList;
			buildConfigurations = (
				1A2EAACD1A4B0575000F1726 /* Debug */,
				1A2EAACE1A4B0575000F1726 /* Release */,
			);
			defaultConfigurationIsVisible = 0;
			defaultConfigurationName = Release;
		};
		1A2EAACF1A4B0575000F1726 /* Build configuration list for PBXNativeTarget "demo" */ = {
			isa = XCConfigurationList;
			buildConfigurations = (
				1A2EAAD01A4B0575000F1726 /* Debug */,
				1A2EAAD11A4B0575000F1726 /* Release */,
			);
			defaultConfigurationIsVisible = 0;
		};
		1A2EAAD21A4B0575000F1726 /* Build configuration list for PBXNativeTarget "demoTests" */ = {
			isa = XCConfigurationList;
			buildConfigurations = (
				1A2EAAD31A4B0575000F1726 /* Debug */,
				1A2EAAD41A4B0575000F1726 /* Release */,
			);
			defaultConfigurationIsVisible = 0;
		};
/* End XCConfigurationList section */
	};
	rootObject = 1A2EAAA41A4B0575000F1726 /* Project object */;
}
